github.com/creachadair/mlink v0.0.0-20221213203624-563d69880c27 h1:N1f861cFxGQvdVwoBgSrqY3BnmOHDV80ho7VwSUx77w=
github.com/creachadair/mlink v0.0.0-20221213203624-563d69880c27/go.mod h1:Iw9c0lSlh+FMKvwfyEpTGIdWIx9ZkCp0+hReu0atU94=
github.com/creachadair/taskgroup v0.3.2 h1:zlfutDS+5XG40AOxcHDSThxKzns8Tnr9jnr6VqkYlkM=
github.com/creachadair/taskgroup v0.3.2/go.mod h1:wieWwecHVzsidg2CsUnFinW1faVN4+kq+TDlRJQ0Wbk=
github.com/fortytw2/leaktest v1.3.0 h1:u8491cBMTQ8ft8aeV+adlcytMZylmA5nnwwkRZjI8vw=
github.com/google/go-cmp v0.5.9 h1:O2Tfq5qg4qc4AmwVlvv0oLiVAGB7enBSJ2x2DqQFi38=
